
Microsoft Visual Studio Solution File, Format Version 12.00
# Visual Studio Version 17
VisualStudioVersion = 17.14.36414.22
MinimumVisualStudioVersion = 10.0.40219.1
Project("{FAE04EC0-301F-11D3-BF4B-00C04F79EFBC}") = "ConsoleLoader", "Lab3\ConsoleLoader.csproj", "{C9F034D9-A19A-45E2-A427-BCF08F3AE73B}"
EndProject
Project("{FAE04EC0-301F-11D3-BF4B-00C04F79EFBC}") = "Model", "Model\Model.csproj", "{F1406146-C4F4-4F67-9AAA-E607044296AB}"
EndProject
Global
	GlobalSection(SolutionConfigurationPlatforms) = preSolution
		Debug|Any CPU = Debug|Any CPU
		Release|Any CPU = Release|Any CPU
	EndGlobalSection
	GlobalSection(ProjectConfigurationPlatforms) = postSolution
		{C9F034D9-A19A-45E2-A427-BCF08F3AE73B}.Debug|Any CPU.ActiveCfg = Debug|Any CPU
		{C9F034D9-A19A-45E2-A427-BCF08F3AE73B}.Debug|Any CPU.Build.0 = Debug|Any CPU
		{C9F034D9-A19A-45E2-A427-BCF08F3AE73B}.Release|Any CPU.ActiveCfg = Release|Any CPU
		{C9F034D9-A19A-45E2-A427-BCF08F3AE73B}.Release|Any CPU.Build.0 = Release|Any CPU
		{F1406146-C4F4-4F67-9AAA-E607044296AB}.Debug|Any CPU.ActiveCfg = Debug|Any CPU
		{F1406146-C4F4-4F67-9AAA-E607044296AB}.Debug|Any CPU.Build.0 = Debug|Any CPU
		{F1406146-C4F4-4F67-9AAA-E607044296AB}.Release|Any CPU.ActiveCfg = Release|Any CPU
		{F1406146-C4F4-4F67-9AAA-E607044296AB}.Release|Any CPU.Build.0 = Release|Any CPU
	EndGlobalSection
	GlobalSection(SolutionProperties) = preSolution
		HideSolutionNode = FALSE
	EndGlobalSection
	GlobalSection(ExtensibilityGlobals) = postSolution
		SolutionGuid = {F7B356BD-F9AE-4157-BF3C-880F267D5022}
	EndGlobalSection
EndGlobal
